// !$*UTF8*$!
{
	archiveVersion = 1;
	classes = {
	};
	objectVersion = 56;
	objects = {

/* Begin PBXBuildFile section */
		B06711D02A8A85AC00C62D9A /* AppDelegate.swift in Sources */ = {isa = PBXBuildFile; fileRef = B06711CF2A8A85AC00C62D9A /* AppDelegate.swift */; };
		B06711D22A8A85AC00C62D9A /* SceneDelegate.swift in Sources */ = {isa = PBXBuildFile; fileRef = B06711D12A8A85AC00C62D9A /* SceneDelegate.swift */; };
		B06711D42A8A85AC00C62D9A /* LoginViewController.swift in Sources */ = {isa = PBXBuildFile; fileRef = B06711D32A8A85AC00C62D9A /* LoginViewController.swift */; };
		B06711D72A8A85AC00C62D9A /* Main.storyboard in Resources */ = {isa = PBXBuildFile; fileRef = B06711D52A8A85AC00C62D9A /* Main.storyboard */; };
		B06711D92A8A85AD00C62D9A /* Assets.xcassets in Resources */ = {isa = PBXBuildFile; fileRef = B06711D82A8A85AD00C62D9A /* Assets.xcassets */; };
		B06711DC2A8A85AD00C62D9A /* LaunchScreen.storyboard in Resources */ = {isa = PBXBuildFile; fileRef = B06711DA2A8A85AD00C62D9A /* LaunchScreen.storyboard */; };
		B06711E72A8A892800C62D9A /* FirstViewController.swift in Sources */ = {isa = PBXBuildFile; fileRef = B06711E62A8A892800C62D9A /* FirstViewController.swift */; };
		B06711E92A8A893300C62D9A /* SecondViewController.swift in Sources */ = {isa = PBXBuildFile; fileRef = B06711E82A8A893300C62D9A /* SecondViewController.swift */; };
		B06711EB2A8A894100C62D9A /* ThirdViewController.swift in Sources */ = {isa = PBXBuildFile; fileRef = B06711EA2A8A894100C62D9A /* ThirdViewController.swift */; };
		B06711ED2A8A894E00C62D9A /* FourthViewController.swift in Sources */ = {isa = PBXBuildFile; fileRef = B06711EC2A8A894E00C62D9A /* FourthViewController.swift */; };
		B06711EF2A8A895B00C62D9A /* FifthViewController.swift in Sources */ = {isa = PBXBuildFile; fileRef = B06711EE2A8A895B00C62D9A /* FifthViewController.swift */; };
/* End PBXBuildFile section */

/* Begin PBXFileReference section */
		B06711CC2A8A85AC00C62D9A /* TabBarCode.app */ = {isa = PBXFileReference; explicitFileType = wrapper.application; includeInIndex = 0; path = TabBarCode.app; sourceTree = BUILT_PRODUCTS_DIR; };
		B06711CF2A8A85AC00C62D9A /* AppDelegate.swift */ = {isa = PBXFileReference; lastKnownFileType = sourcecode.swift; path = AppDelegate.swift; sourceTree = "<group>"; };
		B06711D12A8A85AC00C62D9A /* SceneDelegate.swift */ = {isa = PBXFileReference; lastKnownFileType = sourcecode.swift; path = SceneDelegate.swift; sourceTree = "<group>"; };
		B06711D32A8A85AC00C62D9A /* LoginViewController.swift */ = {isa = PBXFileReference; lastKnownFileType = sourcecode.swift; path = LoginViewController.swift; sourceTree = "<group>"; };
		B06711D62A8A85AC00C62D9A /* Base */ = {isa = PBXFileReference; lastKnownFileType = file.storyboard; name = Base; path = Base.lproj/Main.storyboard; sourceTree = "<group>"; };
		B06711D82A8A85AD00C62D9A /* Assets.xcassets */ = {isa = PBXFileReference; lastKnownFileType = folder.assetcatalog; path = Assets.xcassets; sourceTree = "<group>"; };
		B06711DB2A8A85AD00C62D9A /* Base */ = {isa = PBXFileReference; lastKnownFileType = file.storyboard; name = Base; path = Base.lproj/LaunchScreen.storyboard; sourceTree = "<group>"; };
		B06711DD2A8A85AD00C62D9A /* Info.plist */ = {isa = PBXFileReference; lastKnownFileType = text.plist.xml; path = Info.plist; sourceTree = "<group>"; };
		B06711E62A8A892800C62D9A /* FirstViewController.swift */ = {isa = PBXFileReference; lastKnownFileType = sourcecode.swift; path = FirstViewController.swift; sourceTree = "<group>"; };
		B06711E82A8A893300C62D9A /* SecondViewController.swift */ = {isa = PBXFileReference; lastKnownFileType = sourcecode.swift; path = SecondViewController.swift; sourceTree = "<group>"; };
		B06711EA2A8A894100C62D9A /* ThirdViewController.swift */ = {isa = PBXFileReference; lastKnownFileType = sourcecode.swift; path = ThirdViewController.swift; sourceTree = "<group>"; };
		B06711EC2A8A894E00C62D9A /* FourthViewController.swift */ = {isa = PBXFileReference; lastKnownFileType = sourcecode.swift; path = FourthViewController.swift; sourceTree = "<group>"; };
		B06711EE2A8A895B00C62D9A /* FifthViewController.swift */ = {isa = PBXFileReference; lastKnownFileType = sourcecode.swift; path = FifthViewController.swift; sourceTree = "<group>"; };
/* End PBXFileReference section */

/* Begin PBXFrameworksBuildPhase section */
		B06711C92A8A85AC00C62D9A /* Frameworks */ = {
			isa = PBXFrameworksBuildPhase;
			buildActionMask = 2147483647;
			files = (
			);
			runOnlyForDeploymentPostprocessing = 0;
		};
/* End PBXFrameworksBuildPhase section */

/* Begin PBXGroup section */
		B06711C32A8A85AC00C62D9A = {
			isa = PBXGroup;
			children = (
				B06711CE2A8A85AC00C62D9A /* TabBarCode */,
				B06711CD2A8A85AC00C62D9A /* Products */,
			);
			sourceTree = "<group>";
		};
		B06711CD2A8A85AC00C62D9A /* Products */ = {
			isa = PBXGroup;
			children = (
				B06711CC2A8A85AC00C62D9A /* TabBarCode.app */,
			);
			name = Products;
			sourceTree = "<group>";
		};
		B06711CE2A8A85AC00C62D9A /* TabBarCode */ = {
			isa = PBXGroup;
			children = (
				B06711CF2A8A85AC00C62D9A /* AppDelegate.swift */,
				B06711D12A8A85AC00C62D9A /* SceneDelegate.swift */,
				B06711E42A8A88F200C62D9A /* Views */,
				B06711E52A8A88F800C62D9A /* Controllers */,
				B06711D82A8A85AD00C62D9A /* Assets.xcassets */,
				B06711DA2A8A85AD00C62D9A /* LaunchScreen.storyboard */,
				B06711DD2A8A85AD00C62D9A /* Info.plist */,
			);
			path = TabBarCode;
			sourceTree = "<group>";
		};
		B06711E42A8A88F200C62D9A /* Views */ = {
			isa = PBXGroup;
			children = (
				B06711D52A8A85AC00C62D9A /* Main.storyboard */,
			);
			path = Views;
			sourceTree = "<group>";
		};
		B06711E52A8A88F800C62D9A /* Controllers */ = {
			isa = PBXGroup;
			children = (
				B06711D32A8A85AC00C62D9A /* LoginViewController.swift */,
				B06711E62A8A892800C62D9A /* FirstViewController.swift */,
				B06711E82A8A893300C62D9A /* SecondViewController.swift */,
				B06711EA2A8A894100C62D9A /* ThirdViewController.swift */,
				B06711EC2A8A894E00C62D9A /* FourthViewController.swift */,
				B06711EE2A8A895B00C62D9A /* FifthViewController.swift */,
			);
			path = Controllers;
			sourceTree = "<group>";
		};
/* End PBXGroup section */

/* Begin PBXNativeTarget section */
		B06711CB2A8A85AC00C62D9A /* TabBarCode */ = {
			isa = PBXNativeTarget;
			buildConfigurationList = B06711E02A8A85AD00C62D9A /* Build configuration list for PBXNativeTarget "TabBarCode" */;
			buildPhases = (
				B06711C82A8A85AC00C62D9A /* Sources */,
				B06711C92A8A85AC00C62D9A /* Frameworks */,
				B06711CA2A8A85AC00C62D9A /* Resources */,
			);
			buildRules = (
			);
			dependencies = (
			);
			name = TabBarCode;
			productName = TabBarCode;
			productReference = B06711CC2A8A85AC00C62D9A /* TabBarCode.app */;
			productType = "com.apple.product-type.application";
		};
/* End PBXNativeTarget section */

/* Begin PBXProject section */
		B06711C42A8A85AC00C62D9A /* Project object */ = {
			isa = PBXProject;
			attributes = {
				BuildIndependentTargetsInParallel = 1;
				LastSwiftUpdateCheck = 1430;
				LastUpgradeCheck = 1430;
				TargetAttributes = {
					B06711CB2A8A85AC00C62D9A = {
						CreatedOnToolsVersion = 14.3.1;
					};
				};
			};
			buildConfigurationList = B06711C72A8A85AC00C62D9A /* Build configuration list for PBXProject "TabBarCode" */;
			compatibilityVersion = "Xcode 14.0";
			developmentRegion = en;
			hasScannedForEncodings = 0;
			knownRegions = (
				en,
				Base,
			);
			mainGroup = B06711C32A8A85AC00C62D9A;
			productRefGroup = B06711CD2A8A85AC00C62D9A /* Products */;
			projectDirPath = "";
			projectRoot = "";
			targets = (
				B06711CB2A8A85AC00C62D9A /* TabBarCode */,
			);
		};
/* End PBXProject section */

/* Begin PBXResourcesBuildPhase section */
		B06711CA2A8A85AC00C62D9A /* Resources */ = {
			isa = PBXResourcesBuildPhase;
			buildActionMask = 2147483647;
			files = (
				B06711DC2A8A85AD00C62D9A /* LaunchScreen.storyboard in Resources */,
				B06711D92A8A85AD00C62D9A /* Assets.xcassets in Resources */,
				B06711D72A8A85AC00C62D9A /* Main.storyboard in Resources */,
			);
			runOnlyForDeploymentPostprocessing = 0;
		};
/* End PBXResourcesBuildPhase section */

/* Begin PBXSourcesBuildPhase section */
		B06711C82A8A85AC00C62D9A /* Sources */ = {
			isa = PBXSourcesBuildPhase;
			buildActionMask = 2147483647;
			files = (
				B06711D42A8A85AC00C62D9A /* LoginViewController.swift in Sources */,
				B06711D02A8A85AC00C62D9A /* AppDelegate.swift in Sources */,
				B06711D22A8A85AC00C62D9A /* SceneDelegate.swift in Sources */,
				B06711ED2A8A894E00C62D9A /* FourthViewController.swift in Sources */,
				B06711EF2A8A895B00C62D9A /* FifthViewController.swift in Sources */,
				B06711E92A8A893300C62D9A /* SecondViewController.swift in Sources */,
				B06711EB2A8A894100C62D9A /* ThirdViewController.swift in Sources */,
				B06711E72A8A892800C62D9A /* FirstViewController.swift in Sources */,
			);
			runOnlyForDeploymentPostprocessing = 0;
		};
/* End PBXSourcesBuildPhase section */

/* Begin PBXVariantGroup section */
		B06711D52A8A85AC00C62D9A /* Main.storyboard */ = {
			isa = PBXVariantGroup;
			children = (
				B06711D62A8A85AC00C62D9A /* Base */,
			);
			name = Main.storyboard;
			sourceTree = "<group>";
		};
		B06711DA2A8A85AD00C62D9A /* LaunchScreen.storyboard */ = {
			isa = PBXVariantGroup;
			children = (
				B06711DB2A8A85AD00C62D9A /* Base */,
			);
			name = LaunchScreen.storyboard;
			sourceTree = "<group>";
		};
/* End PBXVariantGroup section */

/* Begin XCBuildConfiguration section */
		B06711DE2A8A85AD00C62D9A /* Debug */ = {
			isa = XCBuildConfiguration;
			buildSettings = {
				ALWAYS_SEARCH_USER_PATHS = NO;
				CLANG_ANALYZER_NONNULL = YES;
				CLANG_ANALYZER_NUMBER_OBJECT_CONVERSION = YES_AGGRESSIVE;
				CLANG_CXX_LANGUAGE_STANDARD = "gnu++20";
				CLANG_ENABLE_MODULES = YES;
				CLANG_ENABLE_OBJC_ARC = YES;
				CLANG_ENABLE_OBJC_WEAK = YES;
				CLANG_WARN_BLOCK_CAPTURE_AUTORELEASING = YES;
				CLANG_WARN_BOOL_CONVERSION = YES;
				CLANG_WARN_COMMA = YES;
				CLANG_WARN_CONSTANT_CONVERSION = YES;
				CLANG_WARN_DEPRECATED_OBJC_IMPLEMENTATIONS = YES;
				CLANG_WARN_DIRECT_OBJC_ISA_USAGE = YES_ERROR;
				CLANG_WARN_DOCUMENTATION_COMMENTS = YES;
				CLANG_WARN_EMPTY_BODY = YES;
				CLANG_WARN_ENUM_CONVERSION = YES;
				CLANG_WARN_INFINITE_RECURSION = YES;
				CLANG_WARN_INT_CONVERSION = YES;
				CLANG_WARN_NON_LITERAL_NULL_CONVERSION = YES;
				CLANG_WARN_OBJC_IMPLICIT_RETAIN_SELF = YES;
				CLANG_WARN_OBJC_LITERAL_CONVERSION = YES;
				CLANG_WARN_OBJC_ROOT_CLASS = YES_ERROR;
				CLANG_WARN_QUOTED_INCLUDE_IN_FRAMEWORK_HEADER = YES;
				CLANG_WARN_RANGE_LOOP_ANALYSIS = YES;
				CLANG_WARN_STRICT_PROTOTYPES = YES;
				CLANG_WARN_SUSPICIOUS_MOVE = YES;
				CLANG_WARN_UNGUARDED_AVAILABILITY = YES_AGGRESSIVE;
				CLANG_WARN_UNREACHABLE_CODE = YES;
				CLANG_WARN__DUPLICATE_METHOD_MATCH = YES;
				COPY_PHASE_STRIP = NO;
				DEBUG_INFORMATION_FORMAT = dwarf;
				ENABLE_STRICT_OBJC_MSGSEND = YES;
				ENABLE_TESTABILITY = YES;
				GCC_C_LANGUAGE_STANDARD = gnu11;
				GCC_DYNAMIC_NO_PIC = NO;
				GCC_NO_COMMON_BLOCKS = YES;
				GCC_OPTIMIZATION_LEVEL = 0;
				GCC_PREPROCESSOR_DEFINITIONS = (
					"DEBUG=1",
					"$(inherited)",
				);
				GCC_WARN_64_TO_32_BIT_CONVERSION = YES;
				GCC_WARN_ABOUT_RETURN_TYPE = YES_ERROR;
				GCC_WARN_UNDECLARED_SELECTOR = YES;
				GCC_WARN_UNINITIALIZED_AUTOS = YES_AGGRESSIVE;
				GCC_WARN_UNUSED_FUNCTION = YES;
				GCC_WARN_UNUSED_VARIABLE = YES;
				IPHONEOS_DEPLOYMENT_TARGET = 16.4;
				MTL_ENABLE_DEBUG_INFO = INCLUDE_SOURCE;
				MTL_FAST_MATH = YES;
				ONLY_ACTIVE_ARCH = YES;
				SDKROOT = iphoneos;
				SWIFT_ACTIVE_COMPILATION_CONDITIONS = DEBUG;
				SWIFT_OPTIMIZATION_LEVEL = "-Onone";
			};
			name = Debug;
		};
		B06711DF2A8A85AD00C62D9A /* Release */ = {
			isa = XCBuildConfiguration;
			buildSettings = {
				ALWAYS_SEARCH_USER_PATHS = NO;
				CLANG_ANALYZER_NONNULL = YES;
				CLANG_ANALYZER_NUMBER_OBJECT_CONVERSION = YES_AGGRESSIVE;
				CLANG_CXX_LANGUAGE_STANDARD = "gnu++20";
				CLANG_ENABLE_MODULES = YES;
				CLANG_ENABLE_OBJC_ARC = YES;
				CLANG_ENABLE_OBJC_WEAK = YES;
				CLANG_WARN_BLOCK_CAPTURE_AUTORELEASING = YES;
				CLANG_WARN_BOOL_CONVERSION = YES;
				CLANG_WARN_COMMA = YES;
				CLANG_WARN_CONSTANT_CONVERSION = YES;
				CLANG_WARN_DEPRECATED_OBJC_IMPLEMENTATIONS = YES;
				CLANG_WARN_DIRECT_OBJC_ISA_USAGE = YES_ERROR;
				CLANG_WARN_DOCUMENTATION_COMMENTS = YES;
				CLANG_WARN_EMPTY_BODY = YES;
				CLANG_WARN_ENUM_CONVERSION = YES;
				CLANG_WARN_INFINITE_RECURSION = YES;
				CLANG_WARN_INT_CONVERSION = YES;
				CLANG_WARN_NON_LITERAL_NULL_CONVERSION = YES;
				CLANG_WARN_OBJC_IMPLICIT_RETAIN_SELF = YES;
				CLANG_WARN_OBJC_LITERAL_CONVERSION = YES;
				CLANG_WARN_OBJC_ROOT_CLASS = YES_ERROR;
				CLANG_WARN_QUOTED_INCLUDE_IN_FRAMEWORK_HEADER = YES;
				CLANG_WARN_RANGE_LOOP_ANALYSIS = YES;
				CLANG_WARN_STRICT_PROTOTYPES = YES;
				CLANG_WARN_SUSPICIOUS_MOVE = YES;
				CLANG_WARN_UNGUARDED_AVAILABILITY = YES_AGGRESSIVE;
				CLANG_WARN_UNREACHABLE_CODE = YES;
				CLANG_WARN__DUPLICATE_METHOD_MATCH = YES;
				COPY_PHASE_STRIP = NO;
				DEBUG_INFORMATION_FORMAT = "dwarf-with-dsym";
				ENABLE_NS_ASSERTIONS = NO;
				ENABLE_STRICT_OBJC_MSGSEND = YES;
				GCC_C_LANGUAGE_STANDARD = gnu11;
				GCC_NO_COMMON_BLOCKS = YES;
				GCC_WARN_64_TO_32_BIT_CONVERSION = YES;
				GCC_WARN_ABOUT_RETURN_TYPE = YES_ERROR;
				GCC_WARN_UNDECLARED_SELECTOR = YES;
				GCC_WARN_UNINITIALIZED_AUTOS = YES_AGGRESSIVE;
				GCC_WARN_UNUSED_FUNCTION = YES;
				GCC_WARN_UNUSED_VARIABLE = YES;
				IPHONEOS_DEPLOYMENT_TARGET = 16.4;
				MTL_ENABLE_DEBUG_INFO = NO;
				MTL_FAST_MATH = YES;
				SDKROOT = iphoneos;
				SWIFT_COMPILATION_MODE = wholemodule;
				SWIFT_OPTIMIZATION_LEVEL = "-O";
				VALIDATE_PRODUCT = YES;
			};
			name = Release;
		};
		B06711E12A8A85AD00C62D9A /* Debug */ = {
			isa = XCBuildConfiguration;
			buildSettings = {
				ASSETCATALOG_COMPILER_APPICON_NAME = AppIcon;
				ASSETCATALOG_COMPILER_GLOBAL_ACCENT_COLOR_NAME = AccentColor;
				CODE_SIGN_STYLE = Automatic;
				CURRENT_PROJECT_VERSION = 1;
				GENERATE_INFOPLIST_FILE = YES;
				INFOPLIST_FILE = TabBarCode/Info.plist;
				INFOPLIST_KEY_UIApplicationSupportsIndirectInputEvents = YES;
				INFOPLIST_KEY_UILaunchStoryboardName = LaunchScreen;
				INFOPLIST_KEY_UIMainStoryboardFile = Main;
				INFOPLIST_KEY_UISupportedInterfaceOrientations = UIInterfaceOrientationPortrait;
				INFOPLIST_KEY_UISupportedInterfaceOrientations_iPad = "UIInterfaceOrientationLandscapeLeft UIInterfaceOrientationLandscapeRight UIInterfaceOrientationPortrait UIInterfaceOrientationPortraitUpsideDown";
				IPHONEOS_DEPLOYMENT_TARGET = 13.0;
				LD_RUNPATH_SEARCH_PATHS = (
					"$(inherited)",
					"@executable_path/Frameworks",
				);
				MARKETING_VERSION = 1.0;
				PRODUCT_BUNDLE_IDENTIFIER = com.TimoCode.TabBarCode;
				PRODUCT_NAME = "$(TARGET_NAME)";
				SUPPORTED_PLATFORMS = "iphoneos iphonesimulator";
				SUPPORTS_MACCATALYST = NO;
				SUPPORTS_MAC_DESIGNED_FOR_IPHONE_IPAD = NO;
				SWIFT_EMIT_LOC_STRINGS = YES;
				SWIFT_VERSION = 5.0;
				TARGETED_DEVICE_FAMILY = 1;
			};
			name = Debug;
		};
		B06711E22A8A85AD00C62D9A /* Release */ = {
			isa = XCBuildConfiguration;
			buildSettings = {
				ASSETCATALOG_COMPILER_APPICON_NAME = AppIcon;
				ASSETCATALOG_COMPILER_GLOBAL_ACCENT_COLOR_NAME = AccentColor;
				CODE_SIGN_STYLE = Automatic;
				CURRENT_PROJECT_VERSION = 1;
				GENERATE_INFOPLIST_FILE = YES;
				INFOPLIST_FILE = TabBarCode/Info.plist;
				INFOPLIST_KEY_UIApplicationSupportsIndirectInputEvents = YES;
				INFOPLIST_KEY_UILaunchStoryboardName = LaunchScreen;
				INFOPLIST_KEY_UIMainStoryboardFile = Main;
				INFOPLIST_KEY_UISupportedInterfaceOrientations = UIInterfaceOrientationPortrait;
				INFOPLIST_KEY_UISupportedInterfaceOrientations_iPad = "UIInterfaceOrientationLandscapeLeft UIInterfaceOrientationLandscapeRight UIInterfaceOrientationPortrait UIInterfaceOrientationPortraitUpsideDown";
				IPHONEOS_DEPLOYMENT_TARGET = 13.0;
				LD_RUNPATH_SEARCH_PATHS = (
					"$(inherited)",
					"@executable_path/Frameworks",
				);
				MARKETING_VERSION = 1.0;
				PRODUCT_BUNDLE_IDENTIFIER = com.TimoCode.TabBarCode;
				PRODUCT_NAME = "$(TARGET_NAME)";
				SUPPORTED_PLATFORMS = "iphoneos iphonesimulator";
				SUPPORTS_MACCATALYST = NO;
				SUPPORTS_MAC_DESIGNED_FOR_IPHONE_IPAD = NO;
				SWIFT_EMIT_LOC_STRINGS = YES;
				SWIFT_VERSION = 5.0;
				TARGETED_DEVICE_FAMILY = 1;
			};
			name = Release;
		};
/* End XCBuildConfiguration section */

/* Begin XCConfigurationList section */
		B06711C72A8A85AC00C62D9A /* Build configuration list for PBXProject "TabBarCode" */ = {
			isa = XCConfigurationList;
			buildConfigurations = (
				B06711DE2A8A85AD00C62D9A /* Debug */,
				B06711DF2A8A85AD00C62D9A /* Release */,
			);
			defaultConfigurationIsVisible = 0;
			defaultConfigurationName = Release;
		};
		B06711E02A8A85AD00C62D9A /* Build configuration list for PBXNativeTarget "TabBarCode" */ = {
			isa = XCConfigurationList;
			buildConfigurations = (
				B06711E12A8A85AD00C62D9A /* Debug */,
				B06711E22A8A85AD00C62D9A /* Release */,
			);
			defaultConfigurationIsVisible = 0;
			defaultConfigurationName = Release;
		};
/* End XCConfigurationList section */
	};
	rootObject = B06711C42A8A85AC00C62D9A /* Project object */;
}
